
Microsoft Visual Studio Solution File, Format Version 12.00
# Visual Studio Version 17
VisualStudioVersion = 17.6.33723.286
MinimumVisualStudioVersion = 10.0.40219.1
Project("{FAE04EC0-301F-11D3-BF4B-00C04F79EFBC}") = "wCut", "wCut.csproj", "{5B15CB09-38BB-4F2E-AC4F-2A43C0C6CA0D}"
EndProject
Global
	GlobalSection(SolutionConfigurationPlatforms) = preSolution
		Debug|Any CPU = Debug|Any CPU
		Release|Any CPU = Release|Any CPU
	EndGlobalSection
	GlobalSection(ProjectConfigurationPlatforms) = postSolution
		{5B15CB09-38BB-4F2E-AC4F-2A43C0C6CA0D}.Debug|Any CPU.ActiveCfg = Debug|Any CPU
		{5B15CB09-38BB-4F2E-AC4F-2A43C0C6CA0D}.Debug|Any CPU.Build.0 = Debug|Any CPU
		{5B15CB09-38BB-4F2E-AC4F-2A43C0C6CA0D}.Release|Any CPU.ActiveCfg = Release|Any CPU
		{5B15CB09-38BB-4F2E-AC4F-2A43C0C6CA0D}.Release|Any CPU.Build.0 = Release|Any CPU
	EndGlobalSection
	GlobalSection(SolutionProperties) = preSolution
		HideSolutionNode = FALSE
	EndGlobalSection
	GlobalSection(ExtensibilityGlobals) = postSolution
		SolutionGuid = {34F29D3D-6D77-40B1-B6FE-5FDEDD1BB36B}
	EndGlobalSection
EndGlobal
